
Microsoft Visual Studio Solution File, Format Version 12.00
# Visual Studio Version 17
VisualStudioVersion = 17.10.35027.167
MinimumVisualStudioVersion = 10.0.40219.1
Project("{FAE04EC0-301F-11D3-BF4B-00C04F79EFBC}") = "MFADemo", "MFADemo.csproj", "{7D0C7DEC-F7A9-45A4-8988-7FDD4E7FC183}"
EndProject
Global
	GlobalSection(SolutionConfigurationPlatforms) = preSolution
		Debug|Any CPU = Debug|Any CPU
		Release|Any CPU = Release|Any CPU
	EndGlobalSection
	GlobalSection(ProjectConfigurationPlatforms) = postSolution
		{7D0C7DEC-F7A9-45A4-8988-7FDD4E7FC183}.Debug|Any CPU.ActiveCfg = Debug|Any CPU
		{7D0C7DEC-F7A9-45A4-8988-7FDD4E7FC183}.Debug|Any CPU.Build.0 = Debug|Any CPU
		{7D0C7DEC-F7A9-45A4-8988-7FDD4E7FC183}.Release|Any CPU.ActiveCfg = Release|Any CPU
		{7D0C7DEC-F7A9-45A4-8988-7FDD4E7FC183}.Release|Any CPU.Build.0 = Release|Any CPU
	EndGlobalSection
	GlobalSection(SolutionProperties) = preSolution
		HideSolutionNode = FALSE
	EndGlobalSection
	GlobalSection(ExtensibilityGlobals) = postSolution
		SolutionGuid = {880E8326-FBCA-4F59-865F-5FA6E5E99198}
	EndGlobalSection
EndGlobal
